// !$*UTF8*$!
{
	archiveVersion = 1;
	classes = {
	};
	objectVersion = 56;
	objects = {

/* Begin PBXBuildFile section */
		8B27E62F2A07BF8300672F77 /* DetailDescriptCell.swift in Sources */ = {isa = PBXBuildFile; fileRef = 8B27E62D2A07BF8300672F77 /* DetailDescriptCell.swift */; };
		8B27E6302A07BF8300672F77 /* DetailDescriptCell.xib in Resources */ = {isa = PBXBuildFile; fileRef = 8B27E62E2A07BF8300672F77 /* DetailDescriptCell.xib */; };
		8B27E6332A07C62300672F77 /* DetailInfoCell.swift in Sources */ = {isa = PBXBuildFile; fileRef = 8B27E6312A07C62300672F77 /* DetailInfoCell.swift */; };
		8B27E6342A07C62300672F77 /* DetailInfoCell.xib in Resources */ = {isa = PBXBuildFile; fileRef = 8B27E6322A07C62300672F77 /* DetailInfoCell.xib */; };
		8B27E6372A07D82300672F77 /* DetailMapCell.swift in Sources */ = {isa = PBXBuildFile; fileRef = 8B27E6352A07D82300672F77 /* DetailMapCell.swift */; };
		8B27E6382A07D82300672F77 /* DetailMapCell.xib in Resources */ = {isa = PBXBuildFile; fileRef = 8B27E6362A07D82300672F77 /* DetailMapCell.xib */; };
		8B27E63B2A07DC1C00672F77 /* BuyButtonCell.swift in Sources */ = {isa = PBXBuildFile; fileRef = 8B27E6392A07DC1C00672F77 /* BuyButtonCell.swift */; };
		8B27E63C2A07DC1C00672F77 /* BuyButtonCell.xib in Resources */ = {isa = PBXBuildFile; fileRef = 8B27E63A2A07DC1C00672F77 /* BuyButtonCell.xib */; };
		8B27E6402A07E00200672F77 /* TicketCell.swift in Sources */ = {isa = PBXBuildFile; fileRef = 8B27E63E2A07E00200672F77 /* TicketCell.swift */; };
		8B27E6412A07E00200672F77 /* TicketCell.xib in Resources */ = {isa = PBXBuildFile; fileRef = 8B27E63F2A07E00200672F77 /* TicketCell.xib */; };
		8B27E64E2A08894B00672F77 /* API.swift in Sources */ = {isa = PBXBuildFile; fileRef = 8B27E64D2A08894B00672F77 /* API.swift */; };
		8B27E6502A0895A800672F77 /* EventList.swift in Sources */ = {isa = PBXBuildFile; fileRef = 8B27E64F2A0895A800672F77 /* EventList.swift */; };
		8B27E6522A08972400672F77 /* Event.swift in Sources */ = {isa = PBXBuildFile; fileRef = 8B27E6512A08972400672F77 /* Event.swift */; };
		8B27E6542A08982900672F77 /* Image.swift in Sources */ = {isa = PBXBuildFile; fileRef = 8B27E6532A08982900672F77 /* Image.swift */; };
		8B27E6562A0898CE00672F77 /* Sale.swift in Sources */ = {isa = PBXBuildFile; fileRef = 8B27E6552A0898CE00672F77 /* Sale.swift */; };
		8B27E6582A08994000672F77 /* Date.swift in Sources */ = {isa = PBXBuildFile; fileRef = 8B27E6572A08994000672F77 /* Date.swift */; };
		8B27E65A2A0899C100672F77 /* Classification.swift in Sources */ = {isa = PBXBuildFile; fileRef = 8B27E6592A0899C100672F77 /* Classification.swift */; };
		8B27E65C2A089A4000672F77 /* Promoter.swift in Sources */ = {isa = PBXBuildFile; fileRef = 8B27E65B2A089A4000672F77 /* Promoter.swift */; };
		8B27E65E2A089C1400672F77 /* PriceRange.swift in Sources */ = {isa = PBXBuildFile; fileRef = 8B27E65D2A089C1400672F77 /* PriceRange.swift */; };
		8B27E6602A089C6900672F77 /* Product.swift in Sources */ = {isa = PBXBuildFile; fileRef = 8B27E65F2A089C6900672F77 /* Product.swift */; };
		8B27E6622A089CC900672F77 /* Seatmap.swift in Sources */ = {isa = PBXBuildFile; fileRef = 8B27E6612A089CC900672F77 /* Seatmap.swift */; };
		8B27E6642A089D6300672F77 /* Accessibility.swift in Sources */ = {isa = PBXBuildFile; fileRef = 8B27E6632A089D6300672F77 /* Accessibility.swift */; };
		8B27E6662A089E4100672F77 /* TicketLimit.swift in Sources */ = {isa = PBXBuildFile; fileRef = 8B27E6652A089E4100672F77 /* TicketLimit.swift */; };
		8B27E6682A089FAC00672F77 /* AgeRestriction.swift in Sources */ = {isa = PBXBuildFile; fileRef = 8B27E6672A089FAC00672F77 /* AgeRestriction.swift */; };
		8B27E66A2A08A07100672F77 /* Ticket.swift in Sources */ = {isa = PBXBuildFile; fileRef = 8B27E6692A08A07100672F77 /* Ticket.swift */; };
		8B27E66C2A08A08700672F77 /* Link.swift in Sources */ = {isa = PBXBuildFile; fileRef = 8B27E66B2A08A08700672F77 /* Link.swift */; };
		8B27E66E2A08A09800672F77 /* Embed.swift in Sources */ = {isa = PBXBuildFile; fileRef = 8B27E66D2A08A09800672F77 /* Embed.swift */; };
		8B27E6702A08A83400672F77 /* Public.swift in Sources */ = {isa = PBXBuildFile; fileRef = 8B27E66F2A08A83400672F77 /* Public.swift */; };
		8B27E6722A08A8A300672F77 /* Presale.swift in Sources */ = {isa = PBXBuildFile; fileRef = 8B27E6712A08A8A300672F77 /* Presale.swift */; };
		8B27E6742A08AB8900672F77 /* Start.swift in Sources */ = {isa = PBXBuildFile; fileRef = 8B27E6732A08AB8900672F77 /* Start.swift */; };
		8B27E6762A08AC2400672F77 /* Status.swift in Sources */ = {isa = PBXBuildFile; fileRef = 8B27E6752A08AC2400672F77 /* Status.swift */; };
		8B27E67A2A08AEF900672F77 /* Genre.swift in Sources */ = {isa = PBXBuildFile; fileRef = 8B27E6792A08AEF900672F77 /* Genre.swift */; };
		8B27E6842A08B3EB00672F77 /* SafeTix.swift in Sources */ = {isa = PBXBuildFile; fileRef = 8B27E6832A08B3EB00672F77 /* SafeTix.swift */; };
		8B27E6882A08B5F600672F77 /* AttractionLink.swift in Sources */ = {isa = PBXBuildFile; fileRef = 8B27E6872A08B5F600672F77 /* AttractionLink.swift */; };
		8B27E68C2A09CD2100672F77 /* Venue.swift in Sources */ = {isa = PBXBuildFile; fileRef = 8B27E68B2A09CD2100672F77 /* Venue.swift */; };
		8B27E68E2A09CEC100672F77 /* City.swift in Sources */ = {isa = PBXBuildFile; fileRef = 8B27E68D2A09CEC100672F77 /* City.swift */; };
		8B27E6902A0BAD9400672F77 /* StateUS.swift in Sources */ = {isa = PBXBuildFile; fileRef = 8B27E68F2A0BAD9400672F77 /* StateUS.swift */; };
		8B27E6922A0BADF000672F77 /* Country.swift in Sources */ = {isa = PBXBuildFile; fileRef = 8B27E6912A0BADF000672F77 /* Country.swift */; };
		8B27E6942A0BAE7300672F77 /* Address.swift in Sources */ = {isa = PBXBuildFile; fileRef = 8B27E6932A0BAE7300672F77 /* Address.swift */; };
		8B27E6962A0BAEE100672F77 /* Location.swift in Sources */ = {isa = PBXBuildFile; fileRef = 8B27E6952A0BAEE100672F77 /* Location.swift */; };
		8B27E69A2A0BB6AA00672F77 /* Market.swift in Sources */ = {isa = PBXBuildFile; fileRef = 8B27E6992A0BB6AA00672F77 /* Market.swift */; };
		8B27E69C2A0BB72B00672F77 /* DMAS.swift in Sources */ = {isa = PBXBuildFile; fileRef = 8B27E69B2A0BB72B00672F77 /* DMAS.swift */; };
		8B27E69F2A0D01DA00672F77 /* HomeViewModel.swift in Sources */ = {isa = PBXBuildFile; fileRef = 8B27E69E2A0D01DA00672F77 /* HomeViewModel.swift */; };
		8B27E6A12A128DB000672F77 /* Social.swift in Sources */ = {isa = PBXBuildFile; fileRef = 8B27E6A02A128DB000672F77 /* Social.swift */; };
		8B27E6A32A129E3600672F77 /* TwitterHandle.swift in Sources */ = {isa = PBXBuildFile; fileRef = 8B27E6A22A129E3600672F77 /* TwitterHandle.swift */; };
		8B27E6A52A129ECB00672F77 /* BoxOffice.swift in Sources */ = {isa = PBXBuildFile; fileRef = 8B27E6A42A129ECB00672F77 /* BoxOffice.swift */; };
		8B27E6A72A12CAA300672F77 /* Info.swift in Sources */ = {isa = PBXBuildFile; fileRef = 8B27E6A62A12CAA300672F77 /* Info.swift */; };
		8B27E6A92A12CB5E00672F77 /* UpcomingEvents.swift in Sources */ = {isa = PBXBuildFile; fileRef = 8B27E6A82A12CB5E00672F77 /* UpcomingEvents.swift */; };
		8B36301B2A07BB7D006EE83A /* DetailTitleCell.swift in Sources */ = {isa = PBXBuildFile; fileRef = 8B3630192A07BB7D006EE83A /* DetailTitleCell.swift */; };
		8B36301C2A07BB7D006EE83A /* DetailTitleCell.xib in Resources */ = {isa = PBXBuildFile; fileRef = 8B36301A2A07BB7D006EE83A /* DetailTitleCell.xib */; };
		8B42969229EE318000136ED9 /* EventsHeaderCell.swift in Sources */ = {isa = PBXBuildFile; fileRef = 8B42969029EE318000136ED9 /* EventsHeaderCell.swift */; };
		8B42969329EE318000136ED9 /* EventsHeaderCell.xib in Resources */ = {isa = PBXBuildFile; fileRef = 8B42969129EE318000136ED9 /* EventsHeaderCell.xib */; };
		8B42969629EE38C000136ED9 /* EventTypeCell.swift in Sources */ = {isa = PBXBuildFile; fileRef = 8B42969429EE38C000136ED9 /* EventTypeCell.swift */; };
		8B42969729EE38C000136ED9 /* EventTypeCell.xib in Resources */ = {isa = PBXBuildFile; fileRef = 8B42969529EE38C000136ED9 /* EventTypeCell.xib */; };
		8B42969B29F6F55300136ED9 /* SubTitleCell.swift in Sources */ = {isa = PBXBuildFile; fileRef = 8B42969929F6F55300136ED9 /* SubTitleCell.swift */; };
		8B42969C29F6F55300136ED9 /* SubTitleCell.xib in Resources */ = {isa = PBXBuildFile; fileRef = 8B42969A29F6F55300136ED9 /* SubTitleCell.xib */; };
		8B42969F29F6F81A00136ED9 /* EventTitleCell.swift in Sources */ = {isa = PBXBuildFile; fileRef = 8B42969D29F6F81A00136ED9 /* EventTitleCell.swift */; };
		8B4296A029F6F81A00136ED9 /* EventTitleCell.xib in Resources */ = {isa = PBXBuildFile; fileRef = 8B42969E29F6F81A00136ED9 /* EventTitleCell.xib */; };
		8B4296A329F6FDFC00136ED9 /* InfoBoxCell.swift in Sources */ = {isa = PBXBuildFile; fileRef = 8B4296A129F6FDFC00136ED9 /* InfoBoxCell.swift */; };
		8B4296A429F6FDFC00136ED9 /* InfoBoxCell.xib in Resources */ = {isa = PBXBuildFile; fileRef = 8B4296A229F6FDFC00136ED9 /* InfoBoxCell.xib */; };
		8B4296A629F7077E00136ED9 /* Theme.xcassets in Resources */ = {isa = PBXBuildFile; fileRef = 8B4296A529F7077E00136ED9 /* Theme.xcassets */; };
		8B4296A929F708CD00136ED9 /* DescriptionCell.swift in Sources */ = {isa = PBXBuildFile; fileRef = 8B4296A729F708CD00136ED9 /* DescriptionCell.swift */; };
		8B4296AA29F708CD00136ED9 /* DescriptionCell.xib in Resources */ = {isa = PBXBuildFile; fileRef = 8B4296A829F708CD00136ED9 /* DescriptionCell.xib */; };
		8B4296AD29F71FB800136ED9 /* BuyNowCell.swift in Sources */ = {isa = PBXBuildFile; fileRef = 8B4296AB29F71FB800136ED9 /* BuyNowCell.swift */; };
		8B4296AE29F71FB800136ED9 /* BuyNowCell.xib in Resources */ = {isa = PBXBuildFile; fileRef = 8B4296AC29F71FB800136ED9 /* BuyNowCell.xib */; };
		8B43006929F75759004A8BE0 /* DetailImageCell.swift in Sources */ = {isa = PBXBuildFile; fileRef = 8B43006729F75759004A8BE0 /* DetailImageCell.swift */; };
		8B43006A29F75759004A8BE0 /* DetailImageCell.xib in Resources */ = {isa = PBXBuildFile; fileRef = 8B43006829F75759004A8BE0 /* DetailImageCell.xib */; };
		8B461AF12A184CAB00E1D3C3 /* Attraction.swift in Sources */ = {isa = PBXBuildFile; fileRef = 8B461AF02A184CAB00E1D3C3 /* Attraction.swift */; };
		8B461AF32A184CD400E1D3C3 /* ExternalLink.swift in Sources */ = {isa = PBXBuildFile; fileRef = 8B461AF22A184CD300E1D3C3 /* ExternalLink.swift */; };
		8B461AF52A184D7A00E1D3C3 /* UrlLink.swift in Sources */ = {isa = PBXBuildFile; fileRef = 8B461AF42A184D7A00E1D3C3 /* UrlLink.swift */; };
		8B898FF129DC30FF0045101F /* AppDelegate.swift in Sources */ = {isa = PBXBuildFile; fileRef = 8B898FF029DC30FF0045101F /* AppDelegate.swift */; };
		8B898FF329DC30FF0045101F /* SceneDelegate.swift in Sources */ = {isa = PBXBuildFile; fileRef = 8B898FF229DC30FF0045101F /* SceneDelegate.swift */; };
		8B898FF529DC30FF0045101F /* HomeViewController.swift in Sources */ = {isa = PBXBuildFile; fileRef = 8B898FF429DC30FF0045101F /* HomeViewController.swift */; };
		8B898FF829DC30FF0045101F /* Main.storyboard in Resources */ = {isa = PBXBuildFile; fileRef = 8B898FF629DC30FF0045101F /* Main.storyboard */; };
		8B898FFA29DC31000045101F /* Assets.xcassets in Resources */ = {isa = PBXBuildFile; fileRef = 8B898FF929DC31000045101F /* Assets.xcassets */; };
		8B898FFD29DC31000045101F /* LaunchScreen.storyboard in Resources */ = {isa = PBXBuildFile; fileRef = 8B898FFB29DC31000045101F /* LaunchScreen.storyboard */; };
		8B89900829DC31ED0045101F /* EventDetail.storyboard in Resources */ = {isa = PBXBuildFile; fileRef = 8B89900729DC31ED0045101F /* EventDetail.storyboard */; };
		8B89900A29DC31FA0045101F /* Events.storyboard in Resources */ = {isa = PBXBuildFile; fileRef = 8B89900929DC31FA0045101F /* Events.storyboard */; };
		8B89900C29DC32050045101F /* Ticket.storyboard in Resources */ = {isa = PBXBuildFile; fileRef = 8B89900B29DC32050045101F /* Ticket.storyboard */; };
		8B89900E29DC323F0045101F /* DetailViewController.swift in Sources */ = {isa = PBXBuildFile; fileRef = 8B89900D29DC323F0045101F /* DetailViewController.swift */; };
		8B89901029DC32520045101F /* EventsViewController.swift in Sources */ = {isa = PBXBuildFile; fileRef = 8B89900F29DC32520045101F /* EventsViewController.swift */; };
		8B89901229DC32610045101F /* TicketViewController.swift in Sources */ = {isa = PBXBuildFile; fileRef = 8B89901129DC32610045101F /* TicketViewController.swift */; };
		8B89901C29DC32B60045101F /* HomeHeaderCell.xib in Resources */ = {isa = PBXBuildFile; fileRef = 8B89901429DC32B60045101F /* HomeHeaderCell.xib */; };
		8B89901D29DC32B60045101F /* SectionTitleCell.xib in Resources */ = {isa = PBXBuildFile; fileRef = 8B89901529DC32B60045101F /* SectionTitleCell.xib */; };
		8B89901E29DC32B60045101F /* SectionTitleCell.swift in Sources */ = {isa = PBXBuildFile; fileRef = 8B89901629DC32B60045101F /* SectionTitleCell.swift */; };
		8B89901F29DC32B60045101F /* FeaturedCell.xib in Resources */ = {isa = PBXBuildFile; fileRef = 8B89901729DC32B60045101F /* FeaturedCell.xib */; };
		8B89902029DC32B60045101F /* FeaturedCell.swift in Sources */ = {isa = PBXBuildFile; fileRef = 8B89901829DC32B60045101F /* FeaturedCell.swift */; };
		8B89902129DC32B60045101F /* NearbyCell.swift in Sources */ = {isa = PBXBuildFile; fileRef = 8B89901929DC32B60045101F /* NearbyCell.swift */; };
		8B89902229DC32B60045101F /* HomeHeaderCell.swift in Sources */ = {isa = PBXBuildFile; fileRef = 8B89901A29DC32B60045101F /* HomeHeaderCell.swift */; };
		8B89902329DC32B60045101F /* NearbyCell.xib in Resources */ = {isa = PBXBuildFile; fileRef = 8B89901B29DC32B60045101F /* NearbyCell.xib */; };
		8B89902729DC32C70045101F /* Item.swift in Sources */ = {isa = PBXBuildFile; fileRef = 8B89902529DC32C70045101F /* Item.swift */; };
		8B89902829DC32C70045101F /* Section.swift in Sources */ = {isa = PBXBuildFile; fileRef = 8B89902629DC32C70045101F /* Section.swift */; };
		8B89902B29DC33210045101F /* Bundle.swift in Sources */ = {isa = PBXBuildFile; fileRef = 8B89902A29DC33210045101F /* Bundle.swift */; };
		8B89902D29DC332B0045101F /* RegisterableView.swift in Sources */ = {isa = PBXBuildFile; fileRef = 8B89902C29DC332B0045101F /* RegisterableView.swift */; };
		8B89902F29DC33380045101F /* SelfConfiguringCell.swift in Sources */ = {isa = PBXBuildFile; fileRef = 8B89902E29DC33380045101F /* SelfConfiguringCell.swift */; };
		8B89903129DC334C0045101F /* UICollectionView+Extension.swift in Sources */ = {isa = PBXBuildFile; fileRef = 8B89903029DC334C0045101F /* UICollectionView+Extension.swift */; };
		8B89903329DC335C0045101F /* UIView + Extensions.swift in Sources */ = {isa = PBXBuildFile; fileRef = 8B89903229DC335C0045101F /* UIView + Extensions.swift */; };
		8B89903529DC336B0045101F /* LayoutSection.swift in Sources */ = {isa = PBXBuildFile; fileRef = 8B89903429DC336B0045101F /* LayoutSection.swift */; };
		8B89903729DC338F0045101F /* URL+Extension.swift in Sources */ = {isa = PBXBuildFile; fileRef = 8B89903629DC338F0045101F /* URL+Extension.swift */; };
		8B89903929DC339B0045101F /* Utils.swift in Sources */ = {isa = PBXBuildFile; fileRef = 8B89903829DC339B0045101F /* Utils.swift */; };
		8B89903B29DC33DC0045101F /* MainTabBarController.swift in Sources */ = {isa = PBXBuildFile; fileRef = 8B89903A29DC33DC0045101F /* MainTabBarController.swift */; };
		8BC31F622A1A490F0071C6B6 /* Suggest.swift in Sources */ = {isa = PBXBuildFile; fileRef = 8BC31F612A1A490F0071C6B6 /* Suggest.swift */; };
		8BC31F642A1A49EB0071C6B6 /* NewEmbed.swift in Sources */ = {isa = PBXBuildFile; fileRef = 8BC31F632A1A49EB0071C6B6 /* NewEmbed.swift */; };
		8BC31F672A1BE5E90071C6B6 /* Storyboarded.swift in Sources */ = {isa = PBXBuildFile; fileRef = 8BC31F662A1BE5E90071C6B6 /* Storyboarded.swift */; };
		8BC31F692A1BE5F10071C6B6 /* AppCoordinator.swift in Sources */ = {isa = PBXBuildFile; fileRef = 8BC31F682A1BE5F10071C6B6 /* AppCoordinator.swift */; };
		8BC31F6B2A1BE5FD0071C6B6 /* Coordinator.swift in Sources */ = {isa = PBXBuildFile; fileRef = 8BC31F6A2A1BE5FD0071C6B6 /* Coordinator.swift */; };
		8BC31F6D2A1BE6160071C6B6 /* MainCoordinator.swift in Sources */ = {isa = PBXBuildFile; fileRef = 8BC31F6C2A1BE6160071C6B6 /* MainCoordinator.swift */; };
		8BC31F6F2A1BE8680071C6B6 /* HomeCoordinator.swift in Sources */ = {isa = PBXBuildFile; fileRef = 8BC31F6E2A1BE8670071C6B6 /* HomeCoordinator.swift */; };
		8BC31F712A1BE8CF0071C6B6 /* EventsCoordinator.swift in Sources */ = {isa = PBXBuildFile; fileRef = 8BC31F702A1BE8CF0071C6B6 /* EventsCoordinator.swift */; };
		8BC31F732A1BE9510071C6B6 /* DetailCoordinator.swift in Sources */ = {isa = PBXBuildFile; fileRef = 8BC31F722A1BE9510071C6B6 /* DetailCoordinator.swift */; };
		8BC31F752A1BE9A60071C6B6 /* TicketCoordinator.swift in Sources */ = {isa = PBXBuildFile; fileRef = 8BC31F742A1BE9A60071C6B6 /* TicketCoordinator.swift */; };
		8BC31F772A24D0B00071C6B6 /* SeeMoreViewController.swift in Sources */ = {isa = PBXBuildFile; fileRef = 8BC31F762A24D0B00071C6B6 /* SeeMoreViewController.swift */; };
		8BC31F792A24D0EB0071C6B6 /* SeeMore.storyboard in Resources */ = {isa = PBXBuildFile; fileRef = 8BC31F782A24D0EB0071C6B6 /* SeeMore.storyboard */; };
/* End PBXBuildFile section */

/* Begin PBXFileReference section */
		8B27E62D2A07BF8300672F77 /* DetailDescriptCell.swift */ = {isa = PBXFileReference; lastKnownFileType = sourcecode.swift; path = DetailDescriptCell.swift; sourceTree = "<group>"; };
		8B27E62E2A07BF8300672F77 /* DetailDescriptCell.xib */ = {isa = PBXFileReference; lastKnownFileType = file.xib; path = DetailDescriptCell.xib; sourceTree = "<group>"; };
		8B27E6312A07C62300672F77 /* DetailInfoCell.swift */ = {isa = PBXFileReference; lastKnownFileType = sourcecode.swift; path = DetailInfoCell.swift; sourceTree = "<group>"; };
		8B27E6322A07C62300672F77 /* DetailInfoCell.xib */ = {isa = PBXFileReference; lastKnownFileType = file.xib; path = DetailInfoCell.xib; sourceTree = "<group>"; };
		8B27E6352A07D82300672F77 /* DetailMapCell.swift */ = {isa = PBXFileReference; lastKnownFileType = sourcecode.swift; path = DetailMapCell.swift; sourceTree = "<group>"; };
		8B27E6362A07D82300672F77 /* DetailMapCell.xib */ = {isa = PBXFileReference; lastKnownFileType = file.xib; path = DetailMapCell.xib; sourceTree = "<group>"; };
		8B27E6392A07DC1C00672F77 /* BuyButtonCell.swift */ = {isa = PBXFileReference; lastKnownFileType = sourcecode.swift; path = BuyButtonCell.swift; sourceTree = "<group>"; };
		8B27E63A2A07DC1C00672F77 /* BuyButtonCell.xib */ = {isa = PBXFileReference; lastKnownFileType = file.xib; path = BuyButtonCell.xib; sourceTree = "<group>"; };
		8B27E63E2A07E00200672F77 /* TicketCell.swift */ = {isa = PBXFileReference; lastKnownFileType = sourcecode.swift; path = TicketCell.swift; sourceTree = "<group>"; };
		8B27E63F2A07E00200672F77 /* TicketCell.xib */ = {isa = PBXFileReference; lastKnownFileType = file.xib; path = TicketCell.xib; sourceTree = "<group>"; };
		8B27E64D2A08894B00672F77 /* API.swift */ = {isa = PBXFileReference; fileEncoding = 4; lastKnownFileType = sourcecode.swift; path = API.swift; sourceTree = "<group>"; };
		8B27E64F2A0895A800672F77 /* EventList.swift */ = {isa = PBXFileReference; lastKnownFileType = sourcecode.swift; path = EventList.swift; sourceTree = "<group>"; };
		8B27E6512A08972400672F77 /* Event.swift */ = {isa = PBXFileReference; lastKnownFileType = sourcecode.swift; path = Event.swift; sourceTree = "<group>"; };
		8B27E6532A08982900672F77 /* Image.swift */ = {isa = PBXFileReference; lastKnownFileType = sourcecode.swift; path = Image.swift; sourceTree = "<group>"; };
		8B27E6552A0898CE00672F77 /* Sale.swift */ = {isa = PBXFileReference; lastKnownFileType = sourcecode.swift; path = Sale.swift; sourceTree = "<group>"; };
		8B27E6572A08994000672F77 /* Date.swift */ = {isa = PBXFileReference; lastKnownFileType = sourcecode.swift; path = Date.swift; sourceTree = "<group>"; };
		8B27E6592A0899C100672F77 /* Classification.swift */ = {isa = PBXFileReference; lastKnownFileType = sourcecode.swift; path = Classification.swift; sourceTree = "<group>"; };
		8B27E65B2A089A4000672F77 /* Promoter.swift */ = {isa = PBXFileReference; lastKnownFileType = sourcecode.swift; path = Promoter.swift; sourceTree = "<group>"; };
		8B27E65D2A089C1400672F77 /* PriceRange.swift */ = {isa = PBXFileReference; lastKnownFileType = sourcecode.swift; path = PriceRange.swift; sourceTree = "<group>"; };
		8B27E65F2A089C6900672F77 /* Product.swift */ = {isa = PBXFileReference; lastKnownFileType = sourcecode.swift; path = Product.swift; sourceTree = "<group>"; };
		8B27E6612A089CC900672F77 /* Seatmap.swift */ = {isa = PBXFileReference; lastKnownFileType = sourcecode.swift; path = Seatmap.swift; sourceTree = "<group>"; };
		8B27E6632A089D6300672F77 /* Accessibility.swift */ = {isa = PBXFileReference; lastKnownFileType = sourcecode.swift; path = Accessibility.swift; sourceTree = "<group>"; };
		8B27E6652A089E4100672F77 /* TicketLimit.swift */ = {isa = PBXFileReference; lastKnownFileType = sourcecode.swift; path = TicketLimit.swift; sourceTree = "<group>"; };
		8B27E6672A089FAC00672F77 /* AgeRestriction.swift */ = {isa = PBXFileReference; lastKnownFileType = sourcecode.swift; path = AgeRestriction.swift; sourceTree = "<group>"; };
		8B27E6692A08A07100672F77 /* Ticket.swift */ = {isa = PBXFileReference; lastKnownFileType = sourcecode.swift; path = Ticket.swift; sourceTree = "<group>"; };
		8B27E66B2A08A08700672F77 /* Link.swift */ = {isa = PBXFileReference; lastKnownFileType = sourcecode.swift; path = Link.swift; sourceTree = "<group>"; };
		8B27E66D2A08A09800672F77 /* Embed.swift */ = {isa = PBXFileReference; lastKnownFileType = sourcecode.swift; path = Embed.swift; sourceTree = "<group>"; };
		8B27E66F2A08A83400672F77 /* Public.swift */ = {isa = PBXFileReference; lastKnownFileType = sourcecode.swift; path = Public.swift; sourceTree = "<group>"; };
		8B27E6712A08A8A300672F77 /* Presale.swift */ = {isa = PBXFileReference; lastKnownFileType = sourcecode.swift; path = Presale.swift; sourceTree = "<group>"; };
		8B27E6732A08AB8900672F77 /* Start.swift */ = {isa = PBXFileReference; lastKnownFileType = sourcecode.swift; path = Start.swift; sourceTree = "<group>"; };
		8B27E6752A08AC2400672F77 /* Status.swift */ = {isa = PBXFileReference; lastKnownFileType = sourcecode.swift; path = Status.swift; sourceTree = "<group>"; };
		8B27E6792A08AEF900672F77 /* Genre.swift */ = {isa = PBXFileReference; lastKnownFileType = sourcecode.swift; path = Genre.swift; sourceTree = "<group>"; };
		8B27E6832A08B3EB00672F77 /* SafeTix.swift */ = {isa = PBXFileReference; lastKnownFileType = sourcecode.swift; path = SafeTix.swift; sourceTree = "<group>"; };
		8B27E6872A08B5F600672F77 /* AttractionLink.swift */ = {isa = PBXFileReference; lastKnownFileType = sourcecode.swift; path = AttractionLink.swift; sourceTree = "<group>"; };
		8B27E68B2A09CD2100672F77 /* Venue.swift */ = {isa = PBXFileReference; lastKnownFileType = sourcecode.swift; path = Venue.swift; sourceTree = "<group>"; };
		8B27E68D2A09CEC100672F77 /* City.swift */ = {isa = PBXFileReference; lastKnownFileType = sourcecode.swift; path = City.swift; sourceTree = "<group>"; };
		8B27E68F2A0BAD9400672F77 /* StateUS.swift */ = {isa = PBXFileReference; lastKnownFileType = sourcecode.swift; path = StateUS.swift; sourceTree = "<group>"; };
		8B27E6912A0BADF000672F77 /* Country.swift */ = {isa = PBXFileReference; lastKnownFileType = sourcecode.swift; path = Country.swift; sourceTree = "<group>"; };
		8B27E6932A0BAE7300672F77 /* Address.swift */ = {isa = PBXFileReference; lastKnownFileType = sourcecode.swift; path = Address.swift; sourceTree = "<group>"; };
		8B27E6952A0BAEE100672F77 /* Location.swift */ = {isa = PBXFileReference; lastKnownFileType = sourcecode.swift; path = Location.swift; sourceTree = "<group>"; };
		8B27E6992A0BB6AA00672F77 /* Market.swift */ = {isa = PBXFileReference; lastKnownFileType = sourcecode.swift; path = Market.swift; sourceTree = "<group>"; };
		8B27E69B2A0BB72B00672F77 /* DMAS.swift */ = {isa = PBXFileReference; lastKnownFileType = sourcecode.swift; path = DMAS.swift; sourceTree = "<group>"; };
		8B27E69E2A0D01DA00672F77 /* HomeViewModel.swift */ = {isa = PBXFileReference; lastKnownFileType = sourcecode.swift; path = HomeViewModel.swift; sourceTree = "<group>"; };
		8B27E6A02A128DB000672F77 /* Social.swift */ = {isa = PBXFileReference; lastKnownFileType = sourcecode.swift; path = Social.swift; sourceTree = "<group>"; };
		8B27E6A22A129E3600672F77 /* TwitterHandle.swift */ = {isa = PBXFileReference; lastKnownFileType = sourcecode.swift; path = TwitterHandle.swift; sourceTree = "<group>"; };
		8B27E6A42A129ECB00672F77 /* BoxOffice.swift */ = {isa = PBXFileReference; lastKnownFileType = sourcecode.swift; path = BoxOffice.swift; sourceTree = "<group>"; };
		8B27E6A62A12CAA300672F77 /* Info.swift */ = {isa = PBXFileReference; lastKnownFileType = sourcecode.swift; path = Info.swift; sourceTree = "<group>"; };
		8B27E6A82A12CB5E00672F77 /* UpcomingEvents.swift */ = {isa = PBXFileReference; lastKnownFileType = sourcecode.swift; path = UpcomingEvents.swift; sourceTree = "<group>"; };
		8B3630192A07BB7D006EE83A /* DetailTitleCell.swift */ = {isa = PBXFileReference; lastKnownFileType = sourcecode.swift; path = DetailTitleCell.swift; sourceTree = "<group>"; };
		8B36301A2A07BB7D006EE83A /* DetailTitleCell.xib */ = {isa = PBXFileReference; lastKnownFileType = file.xib; path = DetailTitleCell.xib; sourceTree = "<group>"; };
		8B42969029EE318000136ED9 /* EventsHeaderCell.swift */ = {isa = PBXFileReference; lastKnownFileType = sourcecode.swift; path = EventsHeaderCell.swift; sourceTree = "<group>"; };
		8B42969129EE318000136ED9 /* EventsHeaderCell.xib */ = {isa = PBXFileReference; lastKnownFileType = file.xib; path = EventsHeaderCell.xib; sourceTree = "<group>"; };
		8B42969429EE38C000136ED9 /* EventTypeCell.swift */ = {isa = PBXFileReference; lastKnownFileType = sourcecode.swift; path = EventTypeCell.swift; sourceTree = "<group>"; };
		8B42969529EE38C000136ED9 /* EventTypeCell.xib */ = {isa = PBXFileReference; lastKnownFileType = file.xib; path = EventTypeCell.xib; sourceTree = "<group>"; };
		8B42969929F6F55300136ED9 /* SubTitleCell.swift */ = {isa = PBXFileReference; lastKnownFileType = sourcecode.swift; path = SubTitleCell.swift; sourceTree = "<group>"; };
		8B42969A29F6F55300136ED9 /* SubTitleCell.xib */ = {isa = PBXFileReference; lastKnownFileType = file.xib; path = SubTitleCell.xib; sourceTree = "<group>"; };
		8B42969D29F6F81A00136ED9 /* EventTitleCell.swift */ = {isa = PBXFileReference; lastKnownFileType = sourcecode.swift; path = EventTitleCell.swift; sourceTree = "<group>"; };
		8B42969E29F6F81A00136ED9 /* EventTitleCell.xib */ = {isa = PBXFileReference; lastKnownFileType = file.xib; path = EventTitleCell.xib; sourceTree = "<group>"; };
		8B4296A129F6FDFC00136ED9 /* InfoBoxCell.swift */ = {isa = PBXFileReference; lastKnownFileType = sourcecode.swift; path = InfoBoxCell.swift; sourceTree = "<group>"; };
		8B4296A229F6FDFC00136ED9 /* InfoBoxCell.xib */ = {isa = PBXFileReference; lastKnownFileType = file.xib; path = InfoBoxCell.xib; sourceTree = "<group>"; };
		8B4296A529F7077E00136ED9 /* Theme.xcassets */ = {isa = PBXFileReference; lastKnownFileType = folder.assetcatalog; path = Theme.xcassets; sourceTree = "<group>"; };
		8B4296A729F708CD00136ED9 /* DescriptionCell.swift */ = {isa = PBXFileReference; lastKnownFileType = sourcecode.swift; path = DescriptionCell.swift; sourceTree = "<group>"; };
		8B4296A829F708CD00136ED9 /* DescriptionCell.xib */ = {isa = PBXFileReference; lastKnownFileType = file.xib; path = DescriptionCell.xib; sourceTree = "<group>"; };
		8B4296AB29F71FB800136ED9 /* BuyNowCell.swift */ = {isa = PBXFileReference; lastKnownFileType = sourcecode.swift; path = BuyNowCell.swift; sourceTree = "<group>"; };
		8B4296AC29F71FB800136ED9 /* BuyNowCell.xib */ = {isa = PBXFileReference; lastKnownFileType = file.xib; path = BuyNowCell.xib; sourceTree = "<group>"; };
		8B43006729F75759004A8BE0 /* DetailImageCell.swift */ = {isa = PBXFileReference; lastKnownFileType = sourcecode.swift; path = DetailImageCell.swift; sourceTree = "<group>"; };
		8B43006829F75759004A8BE0 /* DetailImageCell.xib */ = {isa = PBXFileReference; lastKnownFileType = file.xib; path = DetailImageCell.xib; sourceTree = "<group>"; };
		8B461AF02A184CAB00E1D3C3 /* Attraction.swift */ = {isa = PBXFileReference; fileEncoding = 4; lastKnownFileType = sourcecode.swift; path = Attraction.swift; sourceTree = "<group>"; };
		8B461AF22A184CD300E1D3C3 /* ExternalLink.swift */ = {isa = PBXFileReference; fileEncoding = 4; lastKnownFileType = sourcecode.swift; path = ExternalLink.swift; sourceTree = "<group>"; };
		8B461AF42A184D7A00E1D3C3 /* UrlLink.swift */ = {isa = PBXFileReference; fileEncoding = 4; lastKnownFileType = sourcecode.swift; path = UrlLink.swift; sourceTree = "<group>"; };
		8B898FED29DC30FF0045101F /* EventLocator.app */ = {isa = PBXFileReference; explicitFileType = wrapper.application; includeInIndex = 0; path = EventLocator.app; sourceTree = BUILT_PRODUCTS_DIR; };
		8B898FF029DC30FF0045101F /* AppDelegate.swift */ = {isa = PBXFileReference; lastKnownFileType = sourcecode.swift; path = AppDelegate.swift; sourceTree = "<group>"; };
		8B898FF229DC30FF0045101F /* SceneDelegate.swift */ = {isa = PBXFileReference; lastKnownFileType = sourcecode.swift; path = SceneDelegate.swift; sourceTree = "<group>"; };
		8B898FF429DC30FF0045101F /* HomeViewController.swift */ = {isa = PBXFileReference; lastKnownFileType = sourcecode.swift; path = HomeViewController.swift; sourceTree = "<group>"; };
		8B898FF729DC30FF0045101F /* Base */ = {isa = PBXFileReference; lastKnownFileType = file.storyboard; name = Base; path = Base.lproj/Main.storyboard; sourceTree = "<group>"; };
		8B898FF929DC31000045101F /* Assets.xcassets */ = {isa = PBXFileReference; lastKnownFileType = folder.assetcatalog; path = Assets.xcassets; sourceTree = "<group>"; };
		8B898FFC29DC31000045101F /* Base */ = {isa = PBXFileReference; lastKnownFileType = file.storyboard; name = Base; path = Base.lproj/LaunchScreen.storyboard; sourceTree = "<group>"; };
		8B898FFE29DC31000045101F /* Info.plist */ = {isa = PBXFileReference; lastKnownFileType = text.plist.xml; path = Info.plist; sourceTree = "<group>"; };
		8B89900729DC31ED0045101F /* EventDetail.storyboard */ = {isa = PBXFileReference; fileEncoding = 4; lastKnownFileType = file.storyboard; path = EventDetail.storyboard; sourceTree = "<group>"; };
		8B89900929DC31FA0045101F /* Events.storyboard */ = {isa = PBXFileReference; fileEncoding = 4; lastKnownFileType = file.storyboard; path = Events.storyboard; sourceTree = "<group>"; };
		8B89900B29DC32050045101F /* Ticket.storyboard */ = {isa = PBXFileReference; fileEncoding = 4; lastKnownFileType = file.storyboard; path = Ticket.storyboard; sourceTree = "<group>"; };
		8B89900D29DC323F0045101F /* DetailViewController.swift */ = {isa = PBXFileReference; fileEncoding = 4; lastKnownFileType = sourcecode.swift; path = DetailViewController.swift; sourceTree = "<group>"; };
		8B89900F29DC32520045101F /* EventsViewController.swift */ = {isa = PBXFileReference; fileEncoding = 4; lastKnownFileType = sourcecode.swift; path = EventsViewController.swift; sourceTree = "<group>"; };
		8B89901129DC32610045101F /* TicketViewController.swift */ = {isa = PBXFileReference; fileEncoding = 4; lastKnownFileType = sourcecode.swift; path = TicketViewController.swift; sourceTree = "<group>"; };
		8B89901429DC32B60045101F /* HomeHeaderCell.xib */ = {isa = PBXFileReference; fileEncoding = 4; lastKnownFileType = file.xib; path = HomeHeaderCell.xib; sourceTree = "<group>"; };
		8B89901529DC32B60045101F /* SectionTitleCell.xib */ = {isa = PBXFileReference; fileEncoding = 4; lastKnownFileType = file.xib; path = SectionTitleCell.xib; sourceTree = "<group>"; };
		8B89901629DC32B60045101F /* SectionTitleCell.swift */ = {isa = PBXFileReference; fileEncoding = 4; lastKnownFileType = sourcecode.swift; path = SectionTitleCell.swift; sourceTree = "<group>"; };
		8B89901729DC32B60045101F /* FeaturedCell.xib */ = {isa = PBXFileReference; fileEncoding = 4; lastKnownFileType = file.xib; path = FeaturedCell.xib; sourceTree = "<group>"; };
		8B89901829DC32B60045101F /* FeaturedCell.swift */ = {isa = PBXFileReference; fileEncoding = 4; lastKnownFileType = sourcecode.swift; path = FeaturedCell.swift; sourceTree = "<group>"; };
		8B89901929DC32B60045101F /* NearbyCell.swift */ = {isa = PBXFileReference; fileEncoding = 4; lastKnownFileType = sourcecode.swift; path = NearbyCell.swift; sourceTree = "<group>"; };
		8B89901A29DC32B60045101F /* HomeHeaderCell.swift */ = {isa = PBXFileReference; fileEncoding = 4; lastKnownFileType = sourcecode.swift; path = HomeHeaderCell.swift; sourceTree = "<group>"; };
		8B89901B29DC32B60045101F /* NearbyCell.xib */ = {isa = PBXFileReference; fileEncoding = 4; lastKnownFileType = file.xib; path = NearbyCell.xib; sourceTree = "<group>"; };
		8B89902529DC32C70045101F /* Item.swift */ = {isa = PBXFileReference; fileEncoding = 4; lastKnownFileType = sourcecode.swift; path = Item.swift; sourceTree = "<group>"; };
		8B89902629DC32C70045101F /* Section.swift */ = {isa = PBXFileReference; fileEncoding = 4; lastKnownFileType = sourcecode.swift; path = Section.swift; sourceTree = "<group>"; };
		8B89902A29DC33210045101F /* Bundle.swift */ = {isa = PBXFileReference; fileEncoding = 4; lastKnownFileType = sourcecode.swift; path = Bundle.swift; sourceTree = "<group>"; };
		8B89902C29DC332B0045101F /* RegisterableView.swift */ = {isa = PBXFileReference; fileEncoding = 4; lastKnownFileType = sourcecode.swift; path = RegisterableView.swift; sourceTree = "<group>"; };
		8B89902E29DC33380045101F /* SelfConfiguringCell.swift */ = {isa = PBXFileReference; fileEncoding = 4; lastKnownFileType = sourcecode.swift; path = SelfConfiguringCell.swift; sourceTree = "<group>"; };
		8B89903029DC334C0045101F /* UICollectionView+Extension.swift */ = {isa = PBXFileReference; fileEncoding = 4; lastKnownFileType = sourcecode.swift; path = "UICollectionView+Extension.swift"; sourceTree = "<group>"; };
		8B89903229DC335C0045101F /* UIView + Extensions.swift */ = {isa = PBXFileReference; fileEncoding = 4; lastKnownFileType = sourcecode.swift; path = "UIView + Extensions.swift"; sourceTree = "<group>"; };
		8B89903429DC336B0045101F /* LayoutSection.swift */ = {isa = PBXFileReference; fileEncoding = 4; lastKnownFileType = sourcecode.swift; path = LayoutSection.swift; sourceTree = "<group>"; };
		8B89903629DC338F0045101F /* URL+Extension.swift */ = {isa = PBXFileReference; fileEncoding = 4; lastKnownFileType = sourcecode.swift; path = "URL+Extension.swift"; sourceTree = "<group>"; };
		8B89903829DC339B0045101F /* Utils.swift */ = {isa = PBXFileReference; fileEncoding = 4; lastKnownFileType = sourcecode.swift; path = Utils.swift; sourceTree = "<group>"; };
		8B89903A29DC33DC0045101F /* MainTabBarController.swift */ = {isa = PBXFileReference; fileEncoding = 4; lastKnownFileType = sourcecode.swift; path = MainTabBarController.swift; sourceTree = "<group>"; };
		8BC31F612A1A490F0071C6B6 /* Suggest.swift */ = {isa = PBXFileReference; lastKnownFileType = sourcecode.swift; path = Suggest.swift; sourceTree = "<group>"; };
		8BC31F632A1A49EB0071C6B6 /* NewEmbed.swift */ = {isa = PBXFileReference; lastKnownFileType = sourcecode.swift; path = NewEmbed.swift; sourceTree = "<group>"; };
		8BC31F662A1BE5E90071C6B6 /* Storyboarded.swift */ = {isa = PBXFileReference; fileEncoding = 4; lastKnownFileType = sourcecode.swift; path = Storyboarded.swift; sourceTree = "<group>"; };
		8BC31F682A1BE5F10071C6B6 /* AppCoordinator.swift */ = {isa = PBXFileReference; fileEncoding = 4; lastKnownFileType = sourcecode.swift; path = AppCoordinator.swift; sourceTree = "<group>"; };
		8BC31F6A2A1BE5FD0071C6B6 /* Coordinator.swift */ = {isa = PBXFileReference; fileEncoding = 4; lastKnownFileType = sourcecode.swift; path = Coordinator.swift; sourceTree = "<group>"; };
		8BC31F6C2A1BE6160071C6B6 /* MainCoordinator.swift */ = {isa = PBXFileReference; fileEncoding = 4; lastKnownFileType = sourcecode.swift; path = MainCoordinator.swift; sourceTree = "<group>"; };
		8BC31F6E2A1BE8670071C6B6 /* HomeCoordinator.swift */ = {isa = PBXFileReference; fileEncoding = 4; lastKnownFileType = sourcecode.swift; path = HomeCoordinator.swift; sourceTree = "<group>"; };
		8BC31F702A1BE8CF0071C6B6 /* EventsCoordinator.swift */ = {isa = PBXFileReference; lastKnownFileType = sourcecode.swift; path = EventsCoordinator.swift; sourceTree = "<group>"; };
		8BC31F722A1BE9510071C6B6 /* DetailCoordinator.swift */ = {isa = PBXFileReference; lastKnownFileType = sourcecode.swift; path = DetailCoordinator.swift; sourceTree = "<group>"; };
		8BC31F742A1BE9A60071C6B6 /* TicketCoordinator.swift */ = {isa = PBXFileReference; lastKnownFileType = sourcecode.swift; path = TicketCoordinator.swift; sourceTree = "<group>"; };
		8BC31F762A24D0B00071C6B6 /* SeeMoreViewController.swift */ = {isa = PBXFileReference; lastKnownFileType = sourcecode.swift; path = SeeMoreViewController.swift; sourceTree = "<group>"; };
		8BC31F782A24D0EB0071C6B6 /* SeeMore.storyboard */ = {isa = PBXFileReference; lastKnownFileType = file.storyboard; path = SeeMore.storyboard; sourceTree = "<group>"; };
/* End PBXFileReference section */

/* Begin PBXFrameworksBuildPhase section */
		8B898FEA29DC30FF0045101F /* Frameworks */ = {
			isa = PBXFrameworksBuildPhase;
			buildActionMask = 2147483647;
			files = (
			);
			runOnlyForDeploymentPostprocessing = 0;
		};
/* End PBXFrameworksBuildPhase section */

/* Begin PBXGroup section */
		8B27E63D2A07DFDC00672F77 /* DetailCells */ = {
			isa = PBXGroup;
			children = (
				8B43006729F75759004A8BE0 /* DetailImageCell.swift */,
				8B43006829F75759004A8BE0 /* DetailImageCell.xib */,
				8B3630192A07BB7D006EE83A /* DetailTitleCell.swift */,
				8B36301A2A07BB7D006EE83A /* DetailTitleCell.xib */,
				8B27E62D2A07BF8300672F77 /* DetailDescriptCell.swift */,
				8B27E62E2A07BF8300672F77 /* DetailDescriptCell.xib */,
				8B27E6312A07C62300672F77 /* DetailInfoCell.swift */,
				8B27E6322A07C62300672F77 /* DetailInfoCell.xib */,
				8B27E6352A07D82300672F77 /* DetailMapCell.swift */,
				8B27E6362A07D82300672F77 /* DetailMapCell.xib */,
				8B27E6392A07DC1C00672F77 /* BuyButtonCell.swift */,
				8B27E63A2A07DC1C00672F77 /* BuyButtonCell.xib */,
			);
			path = DetailCells;
			sourceTree = "<group>";
		};
		8B27E6422A07F41D00672F77 /* TicketCells */ = {
			isa = PBXGroup;
			children = (
				8B27E63E2A07E00200672F77 /* TicketCell.swift */,
				8B27E63F2A07E00200672F77 /* TicketCell.xib */,
			);
			path = TicketCells;
			sourceTree = "<group>";
		};
		8B27E64C2A08890600672F77 /* API Client */ = {
			isa = PBXGroup;
			children = (
				8B27E64D2A08894B00672F77 /* API.swift */,
			);
			path = "API Client";
			sourceTree = "<group>";
		};
		8B27E69D2A0D019300672F77 /* ViewModel */ = {
			isa = PBXGroup;
			children = (
				8B27E69E2A0D01DA00672F77 /* HomeViewModel.swift */,
			);
			path = ViewModel;
			sourceTree = "<group>";
		};
		8B42969829F6F52000136ED9 /* HomeCells */ = {
			isa = PBXGroup;
			children = (
				8B89901429DC32B60045101F /* HomeHeaderCell.xib */,
				8B89901A29DC32B60045101F /* HomeHeaderCell.swift */,
				8B89901529DC32B60045101F /* SectionTitleCell.xib */,
				8B89901629DC32B60045101F /* SectionTitleCell.swift */,
				8B89901B29DC32B60045101F /* NearbyCell.xib */,
				8B89901929DC32B60045101F /* NearbyCell.swift */,
				8B89901729DC32B60045101F /* FeaturedCell.xib */,
				8B89901829DC32B60045101F /* FeaturedCell.swift */,
			);
			path = HomeCells;
			sourceTree = "<group>";
		};
		8B4296AF29F728F800136ED9 /* EventsCells */ = {
			isa = PBXGroup;
			children = (
				8B42969129EE318000136ED9 /* EventsHeaderCell.xib */,
				8B42969029EE318000136ED9 /* EventsHeaderCell.swift */,
				8B42969529EE38C000136ED9 /* EventTypeCell.xib */,
				8B42969429EE38C000136ED9 /* EventTypeCell.swift */,
				8B42969E29F6F81A00136ED9 /* EventTitleCell.xib */,
				8B42969D29F6F81A00136ED9 /* EventTitleCell.swift */,
				8B42969A29F6F55300136ED9 /* SubTitleCell.xib */,
				8B42969929F6F55300136ED9 /* SubTitleCell.swift */,
				8B4296A229F6FDFC00136ED9 /* InfoBoxCell.xib */,
				8B4296A129F6FDFC00136ED9 /* InfoBoxCell.swift */,
				8B4296A829F708CD00136ED9 /* DescriptionCell.xib */,
				8B4296A729F708CD00136ED9 /* DescriptionCell.swift */,
				8B4296AC29F71FB800136ED9 /* BuyNowCell.xib */,
				8B4296AB29F71FB800136ED9 /* BuyNowCell.swift */,
			);
			path = EventsCells;
			sourceTree = "<group>";
		};
		8B898FE429DC30FF0045101F = {
			isa = PBXGroup;
			children = (
				8B898FEF29DC30FF0045101F /* EventLocator */,
				8B898FEE29DC30FF0045101F /* Products */,
			);
			sourceTree = "<group>";
		};
		8B898FEE29DC30FF0045101F /* Products */ = {
			isa = PBXGroup;
			children = (
				8B898FED29DC30FF0045101F /* EventLocator.app */,
			);
			name = Products;
			sourceTree = "<group>";
		};
		8B898FEF29DC30FF0045101F /* EventLocator */ = {
			isa = PBXGroup;
			children = (
				8BC31F652A1BE5C80071C6B6 /* Coordinators */,
				8B27E64C2A08890600672F77 /* API Client */,
				8B89902929DC32FC0045101F /* Utilities */,
				8B89902429DC32C70045101F /* Models */,
				8B89901329DC32B60045101F /* Cells */,
				8B27E69D2A0D019300672F77 /* ViewModel */,
				8B89900529DC31A70045101F /* ViewControllers */,
				8B89900429DC31610045101F /* Storyboards */,
				8B89900629DC31CC0045101F /* App */,
				8B898FFE29DC31000045101F /* Info.plist */,
			);
			path = EventLocator;
			sourceTree = "<group>";
		};
		8B89900429DC31610045101F /* Storyboards */ = {
			isa = PBXGroup;
			children = (
				8B898FF629DC30FF0045101F /* Main.storyboard */,
				8B89900929DC31FA0045101F /* Events.storyboard */,
				8B89900729DC31ED0045101F /* EventDetail.storyboard */,
				8B89900B29DC32050045101F /* Ticket.storyboard */,
				8BC31F782A24D0EB0071C6B6 /* SeeMore.storyboard */,
			);
			path = Storyboards;
			sourceTree = "<group>";
		};
		8B89900529DC31A70045101F /* ViewControllers */ = {
			isa = PBXGroup;
			children = (
				8B898FF429DC30FF0045101F /* HomeViewController.swift */,
				8B89900F29DC32520045101F /* EventsViewController.swift */,
				8B89900D29DC323F0045101F /* DetailViewController.swift */,
				8B89901129DC32610045101F /* TicketViewController.swift */,
				8BC31F762A24D0B00071C6B6 /* SeeMoreViewController.swift */,
			);
			path = ViewControllers;
			sourceTree = "<group>";
		};
		8B89900629DC31CC0045101F /* App */ = {
			isa = PBXGroup;
			children = (
				8B898FF029DC30FF0045101F /* AppDelegate.swift */,
				8B898FF229DC30FF0045101F /* SceneDelegate.swift */,
				8B898FF929DC31000045101F /* Assets.xcassets */,
				8B898FFB29DC31000045101F /* LaunchScreen.storyboard */,
				8B4296A529F7077E00136ED9 /* Theme.xcassets */,
			);
			path = App;
			sourceTree = "<group>";
		};
		8B89901329DC32B60045101F /* Cells */ = {
			isa = PBXGroup;
			children = (
				8B42969829F6F52000136ED9 /* HomeCells */,
				8B4296AF29F728F800136ED9 /* EventsCells */,
				8B27E63D2A07DFDC00672F77 /* DetailCells */,
				8B27E6422A07F41D00672F77 /* TicketCells */,
			);
			path = Cells;
			sourceTree = "<group>";
		};
		8B89902429DC32C70045101F /* Models */ = {
			isa = PBXGroup;
			children = (
				8B89902629DC32C70045101F /* Section.swift */,
				8B89902529DC32C70045101F /* Item.swift */,
				8B27E64F2A0895A800672F77 /* EventList.swift */,
				8B27E6512A08972400672F77 /* Event.swift */,
				8B27E6532A08982900672F77 /* Image.swift */,
				8B27E6552A0898CE00672F77 /* Sale.swift */,
				8B27E6572A08994000672F77 /* Date.swift */,
				8B27E6592A0899C100672F77 /* Classification.swift */,
				8B27E65B2A089A4000672F77 /* Promoter.swift */,
				8B27E65D2A089C1400672F77 /* PriceRange.swift */,
				8B27E65F2A089C6900672F77 /* Product.swift */,
				8B27E6612A089CC900672F77 /* Seatmap.swift */,
				8B27E6632A089D6300672F77 /* Accessibility.swift */,
				8B27E6652A089E4100672F77 /* TicketLimit.swift */,
				8B27E6672A089FAC00672F77 /* AgeRestriction.swift */,
				8B27E6692A08A07100672F77 /* Ticket.swift */,
				8B27E66B2A08A08700672F77 /* Link.swift */,
				8B27E66D2A08A09800672F77 /* Embed.swift */,
				8B27E66F2A08A83400672F77 /* Public.swift */,
				8B27E6712A08A8A300672F77 /* Presale.swift */,
				8B27E6732A08AB8900672F77 /* Start.swift */,
				8B27E6752A08AC2400672F77 /* Status.swift */,
				8B27E6792A08AEF900672F77 /* Genre.swift */,
				8B27E6832A08B3EB00672F77 /* SafeTix.swift */,
				8B27E6872A08B5F600672F77 /* AttractionLink.swift */,
				8B27E68B2A09CD2100672F77 /* Venue.swift */,
				8B461AF02A184CAB00E1D3C3 /* Attraction.swift */,
				8B461AF22A184CD300E1D3C3 /* ExternalLink.swift */,
				8B27E68D2A09CEC100672F77 /* City.swift */,
				8B27E68F2A0BAD9400672F77 /* StateUS.swift */,
				8B27E6912A0BADF000672F77 /* Country.swift */,
				8B27E6932A0BAE7300672F77 /* Address.swift */,
				8B27E6952A0BAEE100672F77 /* Location.swift */,
				8B27E6992A0BB6AA00672F77 /* Market.swift */,
				8B27E69B2A0BB72B00672F77 /* DMAS.swift */,
				8B27E6A02A128DB000672F77 /* Social.swift */,
				8B27E6A22A129E3600672F77 /* TwitterHandle.swift */,
				8B27E6A42A129ECB00672F77 /* BoxOffice.swift */,
				8B27E6A62A12CAA300672F77 /* Info.swift */,
				8B461AF42A184D7A00E1D3C3 /* UrlLink.swift */,
				8B27E6A82A12CB5E00672F77 /* UpcomingEvents.swift */,
				8BC31F612A1A490F0071C6B6 /* Suggest.swift */,
				8BC31F632A1A49EB0071C6B6 /* NewEmbed.swift */,
			);
			path = Models;
			sourceTree = "<group>";
		};
		8B89902929DC32FC0045101F /* Utilities */ = {
			isa = PBXGroup;
			children = (
				8B89902A29DC33210045101F /* Bundle.swift */,
				8B89902C29DC332B0045101F /* RegisterableView.swift */,
				8B89902E29DC33380045101F /* SelfConfiguringCell.swift */,
				8B89903029DC334C0045101F /* UICollectionView+Extension.swift */,
				8B89903229DC335C0045101F /* UIView + Extensions.swift */,
				8B89903829DC339B0045101F /* Utils.swift */,
				8B89903629DC338F0045101F /* URL+Extension.swift */,
				8B89903429DC336B0045101F /* LayoutSection.swift */,
				8B89903A29DC33DC0045101F /* MainTabBarController.swift */,
			);
			path = Utilities;
			sourceTree = "<group>";
		};
		8BC31F652A1BE5C80071C6B6 /* Coordinators */ = {
			isa = PBXGroup;
			children = (
				8BC31F662A1BE5E90071C6B6 /* Storyboarded.swift */,
				8BC31F6A2A1BE5FD0071C6B6 /* Coordinator.swift */,
				8BC31F6C2A1BE6160071C6B6 /* MainCoordinator.swift */,
				8BC31F682A1BE5F10071C6B6 /* AppCoordinator.swift */,
				8BC31F6E2A1BE8670071C6B6 /* HomeCoordinator.swift */,
				8BC31F702A1BE8CF0071C6B6 /* EventsCoordinator.swift */,
				8BC31F722A1BE9510071C6B6 /* DetailCoordinator.swift */,
				8BC31F742A1BE9A60071C6B6 /* TicketCoordinator.swift */,
			);
			path = Coordinators;
			sourceTree = "<group>";
		};
/* End PBXGroup section */

/* Begin PBXNativeTarget section */
		8B898FEC29DC30FF0045101F /* EventLocator */ = {
			isa = PBXNativeTarget;
			buildConfigurationList = 8B89900129DC31000045101F /* Build configuration list for PBXNativeTarget "EventLocator" */;
			buildPhases = (
				8B898FE929DC30FF0045101F /* Sources */,
				8B898FEA29DC30FF0045101F /* Frameworks */,
				8B898FEB29DC30FF0045101F /* Resources */,
			);
			buildRules = (
			);
			dependencies = (
			);
			name = EventLocator;
			productName = EventLocator;
			productReference = 8B898FED29DC30FF0045101F /* EventLocator.app */;
			productType = "com.apple.product-type.application";
		};
/* End PBXNativeTarget section */

/* Begin PBXProject section */
		8B898FE529DC30FF0045101F /* Project object */ = {
			isa = PBXProject;
			attributes = {
				BuildIndependentTargetsInParallel = 1;
				LastSwiftUpdateCheck = 1430;
				LastUpgradeCheck = 1430;
				TargetAttributes = {
					8B898FEC29DC30FF0045101F = {
						CreatedOnToolsVersion = 14.3;
					};
				};
			};
			buildConfigurationList = 8B898FE829DC30FF0045101F /* Build configuration list for PBXProject "EventLocator" */;
			compatibilityVersion = "Xcode 14.0";
			developmentRegion = en;
			hasScannedForEncodings = 0;
			knownRegions = (
				en,
				Base,
			);
			mainGroup = 8B898FE429DC30FF0045101F;
			productRefGroup = 8B898FEE29DC30FF0045101F /* Products */;
			projectDirPath = "";
			projectRoot = "";
			targets = (
				8B898FEC29DC30FF0045101F /* EventLocator */,
			);
		};
/* End PBXProject section */

/* Begin PBXResourcesBuildPhase section */
		8B898FEB29DC30FF0045101F /* Resources */ = {
			isa = PBXResourcesBuildPhase;
			buildActionMask = 2147483647;
			files = (
				8B898FFD29DC31000045101F /* LaunchScreen.storyboard in Resources */,
				8B898FFA29DC31000045101F /* Assets.xcassets in Resources */,
				8B42969729EE38C000136ED9 /* EventTypeCell.xib in Resources */,
				8B89900829DC31ED0045101F /* EventDetail.storyboard in Resources */,
				8B898FF829DC30FF0045101F /* Main.storyboard in Resources */,
				8B36301C2A07BB7D006EE83A /* DetailTitleCell.xib in Resources */,
				8B89901F29DC32B60045101F /* FeaturedCell.xib in Resources */,
				8B42969C29F6F55300136ED9 /* SubTitleCell.xib in Resources */,
				8B89901D29DC32B60045101F /* SectionTitleCell.xib in Resources */,
				8B89900C29DC32050045101F /* Ticket.storyboard in Resources */,
				8B27E6412A07E00200672F77 /* TicketCell.xib in Resources */,
				8B4296AE29F71FB800136ED9 /* BuyNowCell.xib in Resources */,
				8B4296A029F6F81A00136ED9 /* EventTitleCell.xib in Resources */,
				8B89901C29DC32B60045101F /* HomeHeaderCell.xib in Resources */,
				8B27E6302A07BF8300672F77 /* DetailDescriptCell.xib in Resources */,
				8B4296AA29F708CD00136ED9 /* DescriptionCell.xib in Resources */,
				8B27E6382A07D82300672F77 /* DetailMapCell.xib in Resources */,
				8B4296A429F6FDFC00136ED9 /* InfoBoxCell.xib in Resources */,
				8B43006A29F75759004A8BE0 /* DetailImageCell.xib in Resources */,
				8B89902329DC32B60045101F /* NearbyCell.xib in Resources */,
				8B27E6342A07C62300672F77 /* DetailInfoCell.xib in Resources */,
				8B4296A629F7077E00136ED9 /* Theme.xcassets in Resources */,
				8B89900A29DC31FA0045101F /* Events.storyboard in Resources */,
				8B27E63C2A07DC1C00672F77 /* BuyButtonCell.xib in Resources */,
				8B42969329EE318000136ED9 /* EventsHeaderCell.xib in Resources */,
				8BC31F792A24D0EB0071C6B6 /* SeeMore.storyboard in Resources */,
			);
			runOnlyForDeploymentPostprocessing = 0;
		};
/* End PBXResourcesBuildPhase section */

/* Begin PBXSourcesBuildPhase section */
		8B898FE929DC30FF0045101F /* Sources */ = {
			isa = PBXSourcesBuildPhase;
			buildActionMask = 2147483647;
			files = (
				8BC31F752A1BE9A60071C6B6 /* TicketCoordinator.swift in Sources */,
				8B27E66C2A08A08700672F77 /* Link.swift in Sources */,
				8B89903129DC334C0045101F /* UICollectionView+Extension.swift in Sources */,
				8B4296A329F6FDFC00136ED9 /* InfoBoxCell.swift in Sources */,
				8B27E6A32A129E3600672F77 /* TwitterHandle.swift in Sources */,
				8B27E6602A089C6900672F77 /* Product.swift in Sources */,
				8B27E6882A08B5F600672F77 /* AttractionLink.swift in Sources */,
				8B42969F29F6F81A00136ED9 /* EventTitleCell.swift in Sources */,
				8B27E6642A089D6300672F77 /* Accessibility.swift in Sources */,
				8BC31F672A1BE5E90071C6B6 /* Storyboarded.swift in Sources */,
				8B36301B2A07BB7D006EE83A /* DetailTitleCell.swift in Sources */,
				8B42969B29F6F55300136ED9 /* SubTitleCell.swift in Sources */,
				8B27E6A92A12CB5E00672F77 /* UpcomingEvents.swift in Sources */,
				8B898FF529DC30FF0045101F /* HomeViewController.swift in Sources */,
				8B27E6522A08972400672F77 /* Event.swift in Sources */,
				8B42969629EE38C000136ED9 /* EventTypeCell.swift in Sources */,
				8B89902B29DC33210045101F /* Bundle.swift in Sources */,
				8B27E6742A08AB8900672F77 /* Start.swift in Sources */,
				8B89902F29DC33380045101F /* SelfConfiguringCell.swift in Sources */,
				8B89902729DC32C70045101F /* Item.swift in Sources */,
				8B89902129DC32B60045101F /* NearbyCell.swift in Sources */,
				8B27E6A12A128DB000672F77 /* Social.swift in Sources */,
				8B898FF129DC30FF0045101F /* AppDelegate.swift in Sources */,
				8B27E6682A089FAC00672F77 /* AgeRestriction.swift in Sources */,
				8B27E6582A08994000672F77 /* Date.swift in Sources */,
				8B27E62F2A07BF8300672F77 /* DetailDescriptCell.swift in Sources */,
				8B27E6372A07D82300672F77 /* DetailMapCell.swift in Sources */,
				8BC31F772A24D0B00071C6B6 /* SeeMoreViewController.swift in Sources */,
				8B27E6842A08B3EB00672F77 /* SafeTix.swift in Sources */,
				8B4296A929F708CD00136ED9 /* DescriptionCell.swift in Sources */,
				8B27E65C2A089A4000672F77 /* Promoter.swift in Sources */,
				8B27E6332A07C62300672F77 /* DetailInfoCell.swift in Sources */,
				8B27E6902A0BAD9400672F77 /* StateUS.swift in Sources */,
				8B27E69A2A0BB6AA00672F77 /* Market.swift in Sources */,
				8B27E6702A08A83400672F77 /* Public.swift in Sources */,
				8B27E6502A0895A800672F77 /* EventList.swift in Sources */,
				8B27E6622A089CC900672F77 /* Seatmap.swift in Sources */,
				8BC31F6D2A1BE6160071C6B6 /* MainCoordinator.swift in Sources */,
				8BC31F6B2A1BE5FD0071C6B6 /* Coordinator.swift in Sources */,
				8B27E6942A0BAE7300672F77 /* Address.swift in Sources */,
				8B27E6562A0898CE00672F77 /* Sale.swift in Sources */,
				8B27E63B2A07DC1C00672F77 /* BuyButtonCell.swift in Sources */,
				8B461AF52A184D7A00E1D3C3 /* UrlLink.swift in Sources */,
				8B27E6542A08982900672F77 /* Image.swift in Sources */,
				8B27E6402A07E00200672F77 /* TicketCell.swift in Sources */,
				8B27E68C2A09CD2100672F77 /* Venue.swift in Sources */,
				8B27E65A2A0899C100672F77 /* Classification.swift in Sources */,
				8B42969229EE318000136ED9 /* EventsHeaderCell.swift in Sources */,
				8B89902229DC32B60045101F /* HomeHeaderCell.swift in Sources */,
				8B89901229DC32610045101F /* TicketViewController.swift in Sources */,
				8B27E6662A089E4100672F77 /* TicketLimit.swift in Sources */,
				8B89902D29DC332B0045101F /* RegisterableView.swift in Sources */,
				8B89903329DC335C0045101F /* UIView + Extensions.swift in Sources */,
				8BC31F712A1BE8CF0071C6B6 /* EventsCoordinator.swift in Sources */,
				8B43006929F75759004A8BE0 /* DetailImageCell.swift in Sources */,
				8B27E67A2A08AEF900672F77 /* Genre.swift in Sources */,
				8B89903729DC338F0045101F /* URL+Extension.swift in Sources */,
				8BC31F692A1BE5F10071C6B6 /* AppCoordinator.swift in Sources */,
				8B27E6A52A129ECB00672F77 /* BoxOffice.swift in Sources */,
				8BC31F6F2A1BE8680071C6B6 /* HomeCoordinator.swift in Sources */,
				8B27E66A2A08A07100672F77 /* Ticket.swift in Sources */,
				8B89903529DC336B0045101F /* LayoutSection.swift in Sources */,
				8B898FF329DC30FF0045101F /* SceneDelegate.swift in Sources */,
				8B89900E29DC323F0045101F /* DetailViewController.swift in Sources */,
				8B27E69F2A0D01DA00672F77 /* HomeViewModel.swift in Sources */,
				8BC31F732A1BE9510071C6B6 /* DetailCoordinator.swift in Sources */,
				8B461AF12A184CAB00E1D3C3 /* Attraction.swift in Sources */,
				8B89903929DC339B0045101F /* Utils.swift in Sources */,
				8B27E6922A0BADF000672F77 /* Country.swift in Sources */,
				8BC31F642A1A49EB0071C6B6 /* NewEmbed.swift in Sources */,
				8B27E6A72A12CAA300672F77 /* Info.swift in Sources */,
				8B89902029DC32B60045101F /* FeaturedCell.swift in Sources */,
				8B89903B29DC33DC0045101F /* MainTabBarController.swift in Sources */,
				8B27E6962A0BAEE100672F77 /* Location.swift in Sources */,
				8B27E68E2A09CEC100672F77 /* City.swift in Sources */,
				8B89902829DC32C70045101F /* Section.swift in Sources */,
				8B27E69C2A0BB72B00672F77 /* DMAS.swift in Sources */,
				8B89901E29DC32B60045101F /* SectionTitleCell.swift in Sources */,
				8B461AF32A184CD400E1D3C3 /* ExternalLink.swift in Sources */,
				8B27E6722A08A8A300672F77 /* Presale.swift in Sources */,
				8B27E66E2A08A09800672F77 /* Embed.swift in Sources */,
				8B27E6762A08AC2400672F77 /* Status.swift in Sources */,
				8B89901029DC32520045101F /* EventsViewController.swift in Sources */,
				8BC31F622A1A490F0071C6B6 /* Suggest.swift in Sources */,
				8B27E64E2A08894B00672F77 /* API.swift in Sources */,
				8B4296AD29F71FB800136ED9 /* BuyNowCell.swift in Sources */,
				8B27E65E2A089C1400672F77 /* PriceRange.swift in Sources */,
			);
			runOnlyForDeploymentPostprocessing = 0;
		};
/* End PBXSourcesBuildPhase section */

/* Begin PBXVariantGroup section */
		8B898FF629DC30FF0045101F /* Main.storyboard */ = {
			isa = PBXVariantGroup;
			children = (
				8B898FF729DC30FF0045101F /* Base */,
			);
			name = Main.storyboard;
			sourceTree = "<group>";
		};
		8B898FFB29DC31000045101F /* LaunchScreen.storyboard */ = {
			isa = PBXVariantGroup;
			children = (
				8B898FFC29DC31000045101F /* Base */,
			);
			name = LaunchScreen.storyboard;
			sourceTree = "<group>";
		};
/* End PBXVariantGroup section */

/* Begin XCBuildConfiguration section */
		8B898FFF29DC31000045101F /* Debug */ = {
			isa = XCBuildConfiguration;
			buildSettings = {
				ALWAYS_SEARCH_USER_PATHS = NO;
				CLANG_ANALYZER_NONNULL = YES;
				CLANG_ANALYZER_NUMBER_OBJECT_CONVERSION = YES_AGGRESSIVE;
				CLANG_CXX_LANGUAGE_STANDARD = "gnu++20";
				CLANG_ENABLE_MODULES = YES;
				CLANG_ENABLE_OBJC_ARC = YES;
				CLANG_ENABLE_OBJC_WEAK = YES;
				CLANG_WARN_BLOCK_CAPTURE_AUTORELEASING = YES;
				CLANG_WARN_BOOL_CONVERSION = YES;
				CLANG_WARN_COMMA = YES;
				CLANG_WARN_CONSTANT_CONVERSION = YES;
				CLANG_WARN_DEPRECATED_OBJC_IMPLEMENTATIONS = YES;
				CLANG_WARN_DIRECT_OBJC_ISA_USAGE = YES_ERROR;
				CLANG_WARN_DOCUMENTATION_COMMENTS = YES;
				CLANG_WARN_EMPTY_BODY = YES;
				CLANG_WARN_ENUM_CONVERSION = YES;
				CLANG_WARN_INFINITE_RECURSION = YES;
				CLANG_WARN_INT_CONVERSION = YES;
				CLANG_WARN_NON_LITERAL_NULL_CONVERSION = YES;
				CLANG_WARN_OBJC_IMPLICIT_RETAIN_SELF = YES;
				CLANG_WARN_OBJC_LITERAL_CONVERSION = YES;
				CLANG_WARN_OBJC_ROOT_CLASS = YES_ERROR;
				CLANG_WARN_QUOTED_INCLUDE_IN_FRAMEWORK_HEADER = YES;
				CLANG_WARN_RANGE_LOOP_ANALYSIS = YES;
				CLANG_WARN_STRICT_PROTOTYPES = YES;
				CLANG_WARN_SUSPICIOUS_MOVE = YES;
				CLANG_WARN_UNGUARDED_AVAILABILITY = YES_AGGRESSIVE;
				CLANG_WARN_UNREACHABLE_CODE = YES;
				CLANG_WARN__DUPLICATE_METHOD_MATCH = YES;
				COPY_PHASE_STRIP = NO;
				DEBUG_INFORMATION_FORMAT = dwarf;
				ENABLE_STRICT_OBJC_MSGSEND = YES;
				ENABLE_TESTABILITY = YES;
				GCC_C_LANGUAGE_STANDARD = gnu11;
				GCC_DYNAMIC_NO_PIC = NO;
				GCC_NO_COMMON_BLOCKS = YES;
				GCC_OPTIMIZATION_LEVEL = 0;
				GCC_PREPROCESSOR_DEFINITIONS = (
					"DEBUG=1",
					"$(inherited)",
				);
				GCC_WARN_64_TO_32_BIT_CONVERSION = YES;
				GCC_WARN_ABOUT_RETURN_TYPE = YES_ERROR;
				GCC_WARN_UNDECLARED_SELECTOR = YES;
				GCC_WARN_UNINITIALIZED_AUTOS = YES_AGGRESSIVE;
				GCC_WARN_UNUSED_FUNCTION = YES;
				GCC_WARN_UNUSED_VARIABLE = YES;
				IPHONEOS_DEPLOYMENT_TARGET = 16.4;
				MTL_ENABLE_DEBUG_INFO = INCLUDE_SOURCE;
				MTL_FAST_MATH = YES;
				ONLY_ACTIVE_ARCH = YES;
				SDKROOT = iphoneos;
				SWIFT_ACTIVE_COMPILATION_CONDITIONS = DEBUG;
				SWIFT_OPTIMIZATION_LEVEL = "-Onone";
			};
			name = Debug;
		};
		8B89900029DC31000045101F /* Release */ = {
			isa = XCBuildConfiguration;
			buildSettings = {
				ALWAYS_SEARCH_USER_PATHS = NO;
				CLANG_ANALYZER_NONNULL = YES;
				CLANG_ANALYZER_NUMBER_OBJECT_CONVERSION = YES_AGGRESSIVE;
				CLANG_CXX_LANGUAGE_STANDARD = "gnu++20";
				CLANG_ENABLE_MODULES = YES;
				CLANG_ENABLE_OBJC_ARC = YES;
				CLANG_ENABLE_OBJC_WEAK = YES;
				CLANG_WARN_BLOCK_CAPTURE_AUTORELEASING = YES;
				CLANG_WARN_BOOL_CONVERSION = YES;
				CLANG_WARN_COMMA = YES;
				CLANG_WARN_CONSTANT_CONVERSION = YES;
				CLANG_WARN_DEPRECATED_OBJC_IMPLEMENTATIONS = YES;
				CLANG_WARN_DIRECT_OBJC_ISA_USAGE = YES_ERROR;
				CLANG_WARN_DOCUMENTATION_COMMENTS = YES;
				CLANG_WARN_EMPTY_BODY = YES;
				CLANG_WARN_ENUM_CONVERSION = YES;
				CLANG_WARN_INFINITE_RECURSION = YES;
				CLANG_WARN_INT_CONVERSION = YES;
				CLANG_WARN_NON_LITERAL_NULL_CONVERSION = YES;
				CLANG_WARN_OBJC_IMPLICIT_RETAIN_SELF = YES;
				CLANG_WARN_OBJC_LITERAL_CONVERSION = YES;
				CLANG_WARN_OBJC_ROOT_CLASS = YES_ERROR;
				CLANG_WARN_QUOTED_INCLUDE_IN_FRAMEWORK_HEADER = YES;
				CLANG_WARN_RANGE_LOOP_ANALYSIS = YES;
				CLANG_WARN_STRICT_PROTOTYPES = YES;
				CLANG_WARN_SUSPICIOUS_MOVE = YES;
				CLANG_WARN_UNGUARDED_AVAILABILITY = YES_AGGRESSIVE;
				CLANG_WARN_UNREACHABLE_CODE = YES;
				CLANG_WARN__DUPLICATE_METHOD_MATCH = YES;
				COPY_PHASE_STRIP = NO;
				DEBUG_INFORMATION_FORMAT = "dwarf-with-dsym";
				ENABLE_NS_ASSERTIONS = NO;
				ENABLE_STRICT_OBJC_MSGSEND = YES;
				GCC_C_LANGUAGE_STANDARD = gnu11;
				GCC_NO_COMMON_BLOCKS = YES;
				GCC_WARN_64_TO_32_BIT_CONVERSION = YES;
				GCC_WARN_ABOUT_RETURN_TYPE = YES_ERROR;
				GCC_WARN_UNDECLARED_SELECTOR = YES;
				GCC_WARN_UNINITIALIZED_AUTOS = YES_AGGRESSIVE;
				GCC_WARN_UNUSED_FUNCTION = YES;
				GCC_WARN_UNUSED_VARIABLE = YES;
				IPHONEOS_DEPLOYMENT_TARGET = 16.4;
				MTL_ENABLE_DEBUG_INFO = NO;
				MTL_FAST_MATH = YES;
				SDKROOT = iphoneos;
				SWIFT_COMPILATION_MODE = wholemodule;
				SWIFT_OPTIMIZATION_LEVEL = "-O";
				VALIDATE_PRODUCT = YES;
			};
			name = Release;
		};
		8B89900229DC31000045101F /* Debug */ = {
			isa = XCBuildConfiguration;
			buildSettings = {
				ASSETCATALOG_COMPILER_APPICON_NAME = AppIcon;
				ASSETCATALOG_COMPILER_GLOBAL_ACCENT_COLOR_NAME = AccentColor;
				CODE_SIGN_STYLE = Automatic;
				CURRENT_PROJECT_VERSION = 1;
				GENERATE_INFOPLIST_FILE = YES;
				INFOPLIST_FILE = EventLocator/Info.plist;
				INFOPLIST_KEY_UIApplicationSupportsIndirectInputEvents = YES;
				INFOPLIST_KEY_UILaunchStoryboardName = LaunchScreen;
				INFOPLIST_KEY_UIMainStoryboardFile = Main;
				INFOPLIST_KEY_UISupportedInterfaceOrientations_iPad = "UIInterfaceOrientationPortrait UIInterfaceOrientationPortraitUpsideDown UIInterfaceOrientationLandscapeLeft UIInterfaceOrientationLandscapeRight";
				INFOPLIST_KEY_UISupportedInterfaceOrientations_iPhone = "UIInterfaceOrientationPortrait UIInterfaceOrientationLandscapeLeft UIInterfaceOrientationLandscapeRight";
				LD_RUNPATH_SEARCH_PATHS = (
					"$(inherited)",
					"@executable_path/Frameworks",
				);
				MARKETING_VERSION = 1.0;
				PRODUCT_BUNDLE_IDENTIFIER = EdFarm.EventLocator;
				PRODUCT_NAME = "$(TARGET_NAME)";
				SWIFT_EMIT_LOC_STRINGS = YES;
				SWIFT_VERSION = 5.0;
				TARGETED_DEVICE_FAMILY = "1,2";
			};
			name = Debug;
		};
		8B89900329DC31000045101F /* Release */ = {
			isa = XCBuildConfiguration;
			buildSettings = {
				ASSETCATALOG_COMPILER_APPICON_NAME = AppIcon;
				ASSETCATALOG_COMPILER_GLOBAL_ACCENT_COLOR_NAME = AccentColor;
				CODE_SIGN_STYLE = Automatic;
				CURRENT_PROJECT_VERSION = 1;
				GENERATE_INFOPLIST_FILE = YES;
				INFOPLIST_FILE = EventLocator/Info.plist;
				INFOPLIST_KEY_UIApplicationSupportsIndirectInputEvents = YES;
				INFOPLIST_KEY_UILaunchStoryboardName = LaunchScreen;
				INFOPLIST_KEY_UIMainStoryboardFile = Main;
				INFOPLIST_KEY_UISupportedInterfaceOrientations_iPad = "UIInterfaceOrientationPortrait UIInterfaceOrientationPortraitUpsideDown UIInterfaceOrientationLandscapeLeft UIInterfaceOrientationLandscapeRight";
				INFOPLIST_KEY_UISupportedInterfaceOrientations_iPhone = "UIInterfaceOrientationPortrait UIInterfaceOrientationLandscapeLeft UIInterfaceOrientationLandscapeRight";
				LD_RUNPATH_SEARCH_PATHS = (
					"$(inherited)",
					"@executable_path/Frameworks",
				);
				MARKETING_VERSION = 1.0;
				PRODUCT_BUNDLE_IDENTIFIER = EdFarm.EventLocator;
				PRODUCT_NAME = "$(TARGET_NAME)";
				SWIFT_EMIT_LOC_STRINGS = YES;
				SWIFT_VERSION = 5.0;
				TARGETED_DEVICE_FAMILY = "1,2";
			};
			name = Release;
		};
/* End XCBuildConfiguration section */

/* Begin XCConfigurationList section */
		8B898FE829DC30FF0045101F /* Build configuration list for PBXProject "EventLocator" */ = {
			isa = XCConfigurationList;
			buildConfigurations = (
				8B898FFF29DC31000045101F /* Debug */,
				8B89900029DC31000045101F /* Release */,
			);
			defaultConfigurationIsVisible = 0;
			defaultConfigurationName = Release;
		};
		8B89900129DC31000045101F /* Build configuration list for PBXNativeTarget "EventLocator" */ = {
			isa = XCConfigurationList;
			buildConfigurations = (
				8B89900229DC31000045101F /* Debug */,
				8B89900329DC31000045101F /* Release */,
			);
			defaultConfigurationIsVisible = 0;
			defaultConfigurationName = Release;
		};
/* End XCConfigurationList section */
	};
	rootObject = 8B898FE529DC30FF0045101F /* Project object */;
}
